
Microsoft Visual Studio Solution File, Format Version 12.00
# Visual Studio Version 16
VisualStudioVersion = 16.0.30503.244
MinimumVisualStudioVersion = 10.0.40219.1
Project("{FAE04EC0-301F-11D3-BF4B-00C04F79EFBC}") = "RayTracer", "RayTracer.csproj", "{3093DF57-1EF0-4E01-82FF-ACA6176D0806}"
EndProject
Global
	GlobalSection(SolutionConfigurationPlatforms) = preSolution
		Debug|Any CPU = Debug|Any CPU
		Release|Any CPU = Release|Any CPU
	EndGlobalSection
	GlobalSection(ProjectConfigurationPlatforms) = postSolution
		{3093DF57-1EF0-4E01-82FF-ACA6176D0806}.Debug|Any CPU.ActiveCfg = Debug|Any CPU
		{3093DF57-1EF0-4E01-82FF-ACA6176D0806}.Debug|Any CPU.Build.0 = Debug|Any CPU
		{3093DF57-1EF0-4E01-82FF-ACA6176D0806}.Release|Any CPU.ActiveCfg = Release|Any CPU
		{3093DF57-1EF0-4E01-82FF-ACA6176D0806}.Release|Any CPU.Build.0 = Release|Any CPU
	EndGlobalSection
	GlobalSection(SolutionProperties) = preSolution
		HideSolutionNode = FALSE
	EndGlobalSection
	GlobalSection(ExtensibilityGlobals) = postSolution
		SolutionGuid = {20DFEC15-BD1F-491B-A108-66E39306AE4E}
	EndGlobalSection
EndGlobal
